{
  "version": 4,
  "terraform_version": "0.15.5",
  "serial": 356,
  "lineage": "918a21fe-cc0e-b23a-fd18-78843bb78116",
  "outputs": {
    "service_account_email": {
      "value": [
        "dev-engage-id-svc-sa@pid-gousgnad-aces-ceg1.iam.gserviceaccount.com",
        "dev-engage-xref-svc-sa@pid-gousgnad-aces-ceg1.iam.gserviceaccount.com"
      ],
      "type": [
        "tuple",
        [
          "string",
          "string"
        ]
      ]
    },
    "service_account_full_id": {
      "value": [
        "projects/pid-gousgnad-aces-ceg1/serviceAccounts/dev-engage-id-svc-sa@pid-gousgnad-aces-ceg1.iam.gserviceaccount.com",
        "projects/pid-gousgnad-aces-ceg1/serviceAccounts/dev-engage-xref-svc-sa@pid-gousgnad-aces-ceg1.iam.gserviceaccount.com"
      ],
      "type": [
        "tuple",
        [
          "string",
          "string"
        ]
      ]
    },
    "service_account_id": {
      "value": [
        "dev-engage-id-svc-sa",
        "dev-engage-xref-svc-sa"
      ],
      "type": [
        "tuple",
        [
          "string",
          "string"
        ]
      ]
    },
    "service_account_name": {
      "value": [
        "projects/pid-gousgnad-aces-ceg1/serviceAccounts/dev-engage-id-svc-sa@pid-gousgnad-aces-ceg1.iam.gserviceaccount.com",
        "projects/pid-gousgnad-aces-ceg1/serviceAccounts/dev-engage-xref-svc-sa@pid-gousgnad-aces-ceg1.iam.gserviceaccount.com"
      ],
      "type": [
        "tuple",
        [
          "string",
          "string"
        ]
      ]
    }
  },
  "resources": [
    {
      "module": "module.service_accounts",
      "mode": "managed",
      "type": "google_project_iam_member",
      "name": "sa_membership",
      "provider": "provider[\"registry.terraform.io/hashicorp/google\"]",
      "instances": [
        {
          "index_key": "id-svc-sa.roles/cloudsql.admin",
          "schema_version": 0,
          "attributes": {
            "condition": [],
            "etag": "BwXIrVtCrts=",
            "id": "pid-gousgnad-aces-ceg1/roles/cloudsql.admin/serviceAccount:dev-engage-id-svc-sa@pid-gousgnad-aces-ceg1.iam.gserviceaccount.com",
            "member": "serviceAccount:dev-engage-id-svc-sa@pid-gousgnad-aces-ceg1.iam.gserviceaccount.com",
            "project": "pid-gousgnad-aces-ceg1",
            "role": "roles/cloudsql.admin"
          },
          "sensitive_attributes": [],
          "private": "bnVsbA==",
          "dependencies": [
            "module.service_accounts.google_service_account.service_account"
          ]
        },
        {
          "index_key": "id-svc-sa.roles/cloudsql.client",
          "schema_version": 0,
          "attributes": {
            "condition": [],
            "etag": "BwXIrVtCrts=",
            "id": "pid-gousgnad-aces-ceg1/roles/cloudsql.client/serviceAccount:dev-engage-id-svc-sa@pid-gousgnad-aces-ceg1.iam.gserviceaccount.com",
            "member": "serviceAccount:dev-engage-id-svc-sa@pid-gousgnad-aces-ceg1.iam.gserviceaccount.com",
            "project": "pid-gousgnad-aces-ceg1",
            "role": "roles/cloudsql.client"
          },
          "sensitive_attributes": [],
          "private": "bnVsbA==",
          "dependencies": [
            "module.service_accounts.google_service_account.service_account"
          ]
        },
        {
          "index_key": "id-svc-sa.roles/cloudsql.instanceUser",
          "schema_version": 0,
          "attributes": {
            "condition": [],
            "etag": "BwXIrVtCrts=",
            "id": "pid-gousgnad-aces-ceg1/roles/cloudsql.instanceUser/serviceAccount:dev-engage-id-svc-sa@pid-gousgnad-aces-ceg1.iam.gserviceaccount.com",
            "member": "serviceAccount:dev-engage-id-svc-sa@pid-gousgnad-aces-ceg1.iam.gserviceaccount.com",
            "project": "pid-gousgnad-aces-ceg1",
            "role": "roles/cloudsql.instanceUser"
          },
          "sensitive_attributes": [],
          "private": "bnVsbA==",
          "dependencies": [
            "module.service_accounts.google_service_account.service_account"
          ]
        },
        {
          "index_key": "xref-svc-sa.roles/cloudsql.admin",
          "schema_version": 0,
          "attributes": {
            "condition": [],
            "etag": "BwXIrVtCrts=",
            "id": "pid-gousgnad-aces-ceg1/roles/cloudsql.admin/serviceAccount:dev-engage-xref-svc-sa@pid-gousgnad-aces-ceg1.iam.gserviceaccount.com",
            "member": "serviceAccount:dev-engage-xref-svc-sa@pid-gousgnad-aces-ceg1.iam.gserviceaccount.com",
            "project": "pid-gousgnad-aces-ceg1",
            "role": "roles/cloudsql.admin"
          },
          "sensitive_attributes": [],
          "private": "bnVsbA==",
          "dependencies": [
            "module.service_accounts.google_service_account.service_account"
          ]
        },
        {
          "index_key": "xref-svc-sa.roles/cloudsql.client",
          "schema_version": 0,
          "attributes": {
            "condition": [],
            "etag": "BwXIrVtCrts=",
            "id": "pid-gousgnad-aces-ceg1/roles/cloudsql.client/serviceAccount:dev-engage-xref-svc-sa@pid-gousgnad-aces-ceg1.iam.gserviceaccount.com",
            "member": "serviceAccount:dev-engage-xref-svc-sa@pid-gousgnad-aces-ceg1.iam.gserviceaccount.com",
            "project": "pid-gousgnad-aces-ceg1",
            "role": "roles/cloudsql.client"
          },
          "sensitive_attributes": [],
          "private": "bnVsbA==",
          "dependencies": [
            "module.service_accounts.google_service_account.service_account"
          ]
        },
        {
          "index_key": "xref-svc-sa.roles/cloudsql.instanceUser",
          "schema_version": 0,
          "attributes": {
            "condition": [],
            "etag": "BwXIrVtCrts=",
            "id": "pid-gousgnad-aces-ceg1/roles/cloudsql.instanceUser/serviceAccount:dev-engage-xref-svc-sa@pid-gousgnad-aces-ceg1.iam.gserviceaccount.com",
            "member": "serviceAccount:dev-engage-xref-svc-sa@pid-gousgnad-aces-ceg1.iam.gserviceaccount.com",
            "project": "pid-gousgnad-aces-ceg1",
            "role": "roles/cloudsql.instanceUser"
          },
          "sensitive_attributes": [],
          "private": "bnVsbA==",
          "dependencies": [
            "module.service_accounts.google_service_account.service_account"
          ]
        },
        {
          "index_key": "xref-svc-sa.roles/pubsub.viewer",
          "schema_version": 0,
          "attributes": {
            "condition": [],
            "etag": "BwXIrVtCrts=",
            "id": "pid-gousgnad-aces-ceg1/roles/pubsub.viewer/serviceAccount:dev-engage-xref-svc-sa@pid-gousgnad-aces-ceg1.iam.gserviceaccount.com",
            "member": "serviceAccount:dev-engage-xref-svc-sa@pid-gousgnad-aces-ceg1.iam.gserviceaccount.com",
            "project": "pid-gousgnad-aces-ceg1",
            "role": "roles/pubsub.viewer"
          },
          "sensitive_attributes": [],
          "private": "bnVsbA==",
          "dependencies": [
            "module.service_accounts.google_service_account.service_account"
          ]
        }
      ]
    },
    {
      "module": "module.service_accounts",
      "mode": "managed",
      "type": "google_service_account",
      "name": "service_account",
      "provider": "provider[\"registry.terraform.io/hashicorp/google\"]",
      "instances": [
        {
          "index_key": "id-svc-sa",
          "schema_version": 0,
          "attributes": {
            "account_id": "dev-engage-id-svc-sa",
            "description": "",
            "display_name": "For use by id-svc-sa",
            "email": "dev-engage-id-svc-sa@pid-gousgnad-aces-ceg1.iam.gserviceaccount.com",
            "id": "projects/pid-gousgnad-aces-ceg1/serviceAccounts/dev-engage-id-svc-sa@pid-gousgnad-aces-ceg1.iam.gserviceaccount.com",
            "name": "projects/pid-gousgnad-aces-ceg1/serviceAccounts/dev-engage-id-svc-sa@pid-gousgnad-aces-ceg1.iam.gserviceaccount.com",
            "project": "pid-gousgnad-aces-ceg1",
            "timeouts": null,
            "unique_id": "105624748861068744987"
          },
          "sensitive_attributes": [],
          "private": "eyJlMmJmYjczMC1lY2FhLTExZTYtOGY4OC0zNDM2M2JjN2M0YzAiOnsiY3JlYXRlIjozMDAwMDAwMDAwMDB9fQ=="
        },
        {
          "index_key": "xref-svc-sa",
          "schema_version": 0,
          "attributes": {
            "account_id": "dev-engage-xref-svc-sa",
            "description": "",
            "display_name": "For use by xref-svc-sa",
            "email": "dev-engage-xref-svc-sa@pid-gousgnad-aces-ceg1.iam.gserviceaccount.com",
            "id": "projects/pid-gousgnad-aces-ceg1/serviceAccounts/dev-engage-xref-svc-sa@pid-gousgnad-aces-ceg1.iam.gserviceaccount.com",
            "name": "projects/pid-gousgnad-aces-ceg1/serviceAccounts/dev-engage-xref-svc-sa@pid-gousgnad-aces-ceg1.iam.gserviceaccount.com",
            "project": "pid-gousgnad-aces-ceg1",
            "timeouts": null,
            "unique_id": "109218197268476296382"
          },
          "sensitive_attributes": [],
          "private": "eyJlMmJmYjczMC1lY2FhLTExZTYtOGY4OC0zNDM2M2JjN2M0YzAiOnsiY3JlYXRlIjozMDAwMDAwMDAwMDB9fQ=="
        }
      ]
    },
    {
      "module": "module.service_accounts",
      "mode": "managed",
      "type": "google_service_account_iam_member",
      "name": "workload_identity",
      "provider": "provider[\"registry.terraform.io/hashicorp/google\"]",
      "instances": [
        {
          "index_key": "id-svc-sa",
          "schema_version": 0,
          "attributes": {
            "condition": [],
            "etag": "BwXIrV2v9Vc=",
            "id": "projects/pid-gousgnad-aces-ceg1/serviceAccounts/dev-engage-id-svc-sa@pid-gousgnad-aces-ceg1.iam.gserviceaccount.com/roles/iam.workloadIdentityUser/serviceAccount:pid-gousgnad-aces-ceg1.svc.id.goog[default/dev-engage-id-svc-sa]",
            "member": "serviceAccount:pid-gousgnad-aces-ceg1.svc.id.goog[default/dev-engage-id-svc-sa]",
            "role": "roles/iam.workloadIdentityUser",
            "service_account_id": "projects/pid-gousgnad-aces-ceg1/serviceAccounts/dev-engage-id-svc-sa@pid-gousgnad-aces-ceg1.iam.gserviceaccount.com"
          },
          "sensitive_attributes": [],
          "private": "bnVsbA==",
          "dependencies": [
            "module.service_accounts.google_service_account.service_account"
          ]
        },
        {
          "index_key": "xref-svc-sa",
          "schema_version": 0,
          "attributes": {
            "condition": [],
            "etag": "BwXIrV2xIZs=",
            "id": "projects/pid-gousgnad-aces-ceg1/serviceAccounts/dev-engage-xref-svc-sa@pid-gousgnad-aces-ceg1.iam.gserviceaccount.com/roles/iam.workloadIdentityUser/serviceAccount:pid-gousgnad-aces-ceg1.svc.id.goog[default/dev-engage-xref-svc-sa]",
            "member": "serviceAccount:pid-gousgnad-aces-ceg1.svc.id.goog[default/dev-engage-xref-svc-sa]",
            "role": "roles/iam.workloadIdentityUser",
            "service_account_id": "projects/pid-gousgnad-aces-ceg1/serviceAccounts/dev-engage-xref-svc-sa@pid-gousgnad-aces-ceg1.iam.gserviceaccount.com"
          },
          "sensitive_attributes": [],
          "private": "bnVsbA==",
          "dependencies": [
            "module.service_accounts.google_service_account.service_account"
          ]
        }
      ]
    }
  ]
}
